
Microsoft Visual Studio Solution File, Format Version 11.00
# Visual Studio 2010
Project("{FAE04EC0-301F-11D3-BF4B-00C04F79EFBC}") = "LotteryWindowsFormsApplication", "LotteryWindowsFormsApplication\LotteryWindowsFormsApplication.csproj", "{1A46FB92-D8EA-469D-9D2A-1DF394F8074B}"
EndProject
Project("{F088123C-0E9E-452A-89E6-6BA2F21D5CAC}") = "LotteryUMLProject", "LotteryUMLProject\LotteryUMLProject.modelproj", "{B0DF3317-12D4-4E91-88BA-1025EECBBAF6}"
EndProject
Project("{FAE04EC0-301F-11D3-BF4B-00C04F79EFBC}") = "LotteryUMLProjectLib", "LotteryUMLProjectLib\LotteryUMLProjectLib.csproj", "{B686527D-46D8-4D73-AF3E-02D70EECDC73}"
EndProject
Project("{2150E333-8FDC-42A3-9474-1A3956D46DE8}") = "Solution Items", "Solution Items", "{FEAF98AE-AF1C-4273-B495-98043F4EE248}"
	ProjectSection(SolutionItems) = preProject
		Local.testsettings = Local.testsettings
		LotteryWindowsFormsApplication.vsmdi = LotteryWindowsFormsApplication.vsmdi
		TraceAndTestImpact.testsettings = TraceAndTestImpact.testsettings
	EndProjectSection
EndProject
Project("{FAE04EC0-301F-11D3-BF4B-00C04F79EFBC}") = "TestLotteryMultiTierProject", "TestLotteryMultiTierProject\TestLotteryMultiTierProject.csproj", "{EC8159E8-77F0-4292-8A45-360A5C1B9C22}"
EndProject
Global
	GlobalSection(TestCaseManagementSettings) = postSolution
		CategoryFile = LotteryWindowsFormsApplication.vsmdi
	EndGlobalSection
	GlobalSection(SolutionConfigurationPlatforms) = preSolution
		Debug|Any CPU = Debug|Any CPU
		Debug|Mixed Platforms = Debug|Mixed Platforms
		Debug|x86 = Debug|x86
		Release|Any CPU = Release|Any CPU
		Release|Mixed Platforms = Release|Mixed Platforms
		Release|x86 = Release|x86
	EndGlobalSection
	GlobalSection(ProjectConfigurationPlatforms) = postSolution
		{1A46FB92-D8EA-469D-9D2A-1DF394F8074B}.Debug|Any CPU.ActiveCfg = Debug|x86
		{1A46FB92-D8EA-469D-9D2A-1DF394F8074B}.Debug|Mixed Platforms.ActiveCfg = Debug|x86
		{1A46FB92-D8EA-469D-9D2A-1DF394F8074B}.Debug|Mixed Platforms.Build.0 = Debug|x86
		{1A46FB92-D8EA-469D-9D2A-1DF394F8074B}.Debug|x86.ActiveCfg = Debug|x86
		{1A46FB92-D8EA-469D-9D2A-1DF394F8074B}.Debug|x86.Build.0 = Debug|x86
		{1A46FB92-D8EA-469D-9D2A-1DF394F8074B}.Release|Any CPU.ActiveCfg = Release|x86
		{1A46FB92-D8EA-469D-9D2A-1DF394F8074B}.Release|Mixed Platforms.ActiveCfg = Release|x86
		{1A46FB92-D8EA-469D-9D2A-1DF394F8074B}.Release|Mixed Platforms.Build.0 = Release|x86
		{1A46FB92-D8EA-469D-9D2A-1DF394F8074B}.Release|x86.ActiveCfg = Release|x86
		{1A46FB92-D8EA-469D-9D2A-1DF394F8074B}.Release|x86.Build.0 = Release|x86
		{B0DF3317-12D4-4E91-88BA-1025EECBBAF6}.Debug|Any CPU.ActiveCfg = Debug|Any CPU
		{B0DF3317-12D4-4E91-88BA-1025EECBBAF6}.Debug|Any CPU.Build.0 = Debug|Any CPU
		{B0DF3317-12D4-4E91-88BA-1025EECBBAF6}.Debug|Mixed Platforms.ActiveCfg = Debug|Any CPU
		{B0DF3317-12D4-4E91-88BA-1025EECBBAF6}.Debug|Mixed Platforms.Build.0 = Debug|Any CPU
		{B0DF3317-12D4-4E91-88BA-1025EECBBAF6}.Debug|x86.ActiveCfg = Debug|Any CPU
		{B0DF3317-12D4-4E91-88BA-1025EECBBAF6}.Release|Any CPU.ActiveCfg = Release|Any CPU
		{B0DF3317-12D4-4E91-88BA-1025EECBBAF6}.Release|Any CPU.Build.0 = Release|Any CPU
		{B0DF3317-12D4-4E91-88BA-1025EECBBAF6}.Release|Mixed Platforms.ActiveCfg = Release|Any CPU
		{B0DF3317-12D4-4E91-88BA-1025EECBBAF6}.Release|Mixed Platforms.Build.0 = Release|Any CPU
		{B0DF3317-12D4-4E91-88BA-1025EECBBAF6}.Release|x86.ActiveCfg = Release|Any CPU
		{B686527D-46D8-4D73-AF3E-02D70EECDC73}.Debug|Any CPU.ActiveCfg = Debug|Any CPU
		{B686527D-46D8-4D73-AF3E-02D70EECDC73}.Debug|Any CPU.Build.0 = Debug|Any CPU
		{B686527D-46D8-4D73-AF3E-02D70EECDC73}.Debug|Mixed Platforms.ActiveCfg = Debug|Any CPU
		{B686527D-46D8-4D73-AF3E-02D70EECDC73}.Debug|Mixed Platforms.Build.0 = Debug|Any CPU
		{B686527D-46D8-4D73-AF3E-02D70EECDC73}.Debug|x86.ActiveCfg = Debug|Any CPU
		{B686527D-46D8-4D73-AF3E-02D70EECDC73}.Release|Any CPU.ActiveCfg = Release|Any CPU
		{B686527D-46D8-4D73-AF3E-02D70EECDC73}.Release|Any CPU.Build.0 = Release|Any CPU
		{B686527D-46D8-4D73-AF3E-02D70EECDC73}.Release|Mixed Platforms.ActiveCfg = Release|Any CPU
		{B686527D-46D8-4D73-AF3E-02D70EECDC73}.Release|Mixed Platforms.Build.0 = Release|Any CPU
		{B686527D-46D8-4D73-AF3E-02D70EECDC73}.Release|x86.ActiveCfg = Release|Any CPU
		{EC8159E8-77F0-4292-8A45-360A5C1B9C22}.Debug|Any CPU.ActiveCfg = Debug|Any CPU
		{EC8159E8-77F0-4292-8A45-360A5C1B9C22}.Debug|Any CPU.Build.0 = Debug|Any CPU
		{EC8159E8-77F0-4292-8A45-360A5C1B9C22}.Debug|Mixed Platforms.ActiveCfg = Debug|Any CPU
		{EC8159E8-77F0-4292-8A45-360A5C1B9C22}.Debug|Mixed Platforms.Build.0 = Debug|Any CPU
		{EC8159E8-77F0-4292-8A45-360A5C1B9C22}.Debug|x86.ActiveCfg = Debug|Any CPU
		{EC8159E8-77F0-4292-8A45-360A5C1B9C22}.Release|Any CPU.ActiveCfg = Release|Any CPU
		{EC8159E8-77F0-4292-8A45-360A5C1B9C22}.Release|Any CPU.Build.0 = Release|Any CPU
		{EC8159E8-77F0-4292-8A45-360A5C1B9C22}.Release|Mixed Platforms.ActiveCfg = Release|Any CPU
		{EC8159E8-77F0-4292-8A45-360A5C1B9C22}.Release|Mixed Platforms.Build.0 = Release|Any CPU
		{EC8159E8-77F0-4292-8A45-360A5C1B9C22}.Release|x86.ActiveCfg = Release|Any CPU
	EndGlobalSection
	GlobalSection(SolutionProperties) = preSolution
		HideSolutionNode = FALSE
	EndGlobalSection
EndGlobal
